
Microsoft Visual Studio Solution File, Format Version 12.00
# Visual Studio Version 16
VisualStudioVersion = 16.0.30320.27
MinimumVisualStudioVersion = 10.0.40219.1
Project("{FAE04EC0-301F-11D3-BF4B-00C04F79EFBC}") = "Chatr", "Chatr.csproj", "{2ED0C102-3670-4A1B-B384-374CFE540078}"
EndProject
Global
	GlobalSection(SolutionConfigurationPlatforms) = preSolution
		Debug|Any CPU = Debug|Any CPU
		Release|Any CPU = Release|Any CPU
	EndGlobalSection
	GlobalSection(ProjectConfigurationPlatforms) = postSolution
		{2ED0C102-3670-4A1B-B384-374CFE540078}.Debug|Any CPU.ActiveCfg = Debug|Any CPU
		{2ED0C102-3670-4A1B-B384-374CFE540078}.Debug|Any CPU.Build.0 = Debug|Any CPU
		{2ED0C102-3670-4A1B-B384-374CFE540078}.Release|Any CPU.ActiveCfg = Release|Any CPU
		{2ED0C102-3670-4A1B-B384-374CFE540078}.Release|Any CPU.Build.0 = Release|Any CPU
	EndGlobalSection
	GlobalSection(SolutionProperties) = preSolution
		HideSolutionNode = FALSE
	EndGlobalSection
	GlobalSection(ExtensibilityGlobals) = postSolution
		SolutionGuid = {4A588599-2FDC-4527-85B1-A208AD3F23AC}
	EndGlobalSection
EndGlobal
